PODS:
  - SCHTTPClient (1.0.0):
    - SCHTTPClient/Client (= 1.0.0)
    - SCHTTPClient/LibCurl (= 1.0.0)
  - SCHTTPClient/Client (1.0.0):
    - SCHTTPClient/LibCurl
  - SCHTTPClient/LibCurl (1.0.0)

DEPENDENCIES:
  - SCHTTPClient (from `../../`)

EXTERNAL SOURCES:
  SCHTTPClient:
    :path: "../../"

SPEC CHECKSUMS:
  SCHTTPClient: 718715d9ea2b9ee82880b0c0987ecacc715c9211

PODFILE CHECKSUM: 792aef1e6d920c8272839ed1e665074f07f3752f

COCOAPODS: 1.7.5
